// !$*UTF8*$!
{
	archiveVersion = 1;
	classes = {
	};
	objectVersion = 50;
	objects = {

/* Begin PBXBuildFile section */
		F167764224ABB7F400019F14 /* AnimationsApp.swift in Sources */ = {isa = PBXBuildFile; fileRef = F167762F24ABB7F400019F14 /* AnimationsApp.swift */; };
		F167764324ABB7F400019F14 /* AnimationsApp.swift in Sources */ = {isa = PBXBuildFile; fileRef = F167762F24ABB7F400019F14 /* AnimationsApp.swift */; };
		F167764424ABB7F400019F14 /* HomeView.swift in Sources */ = {isa = PBXBuildFile; fileRef = F167763024ABB7F400019F14 /* HomeView.swift */; };
		F167764524ABB7F400019F14 /* HomeView.swift in Sources */ = {isa = PBXBuildFile; fileRef = F167763024ABB7F400019F14 /* HomeView.swift */; };
		F167764624ABB7F400019F14 /* Assets.xcassets in Resources */ = {isa = PBXBuildFile; fileRef = F167763124ABB7F400019F14 /* Assets.xcassets */; };
		F167764724ABB7F400019F14 /* Assets.xcassets in Resources */ = {isa = PBXBuildFile; fileRef = F167763124ABB7F400019F14 /* Assets.xcassets */; };
		F1E8739C24AD057B00B3A057 /* ImplicitAnimationView.swift in Sources */ = {isa = PBXBuildFile; fileRef = F1E8739B24AD057B00B3A057 /* ImplicitAnimationView.swift */; };
		F1E8739D24AD057B00B3A057 /* ImplicitAnimationView.swift in Sources */ = {isa = PBXBuildFile; fileRef = F1E8739B24AD057B00B3A057 /* ImplicitAnimationView.swift */; };
		F1E8739F24AD070400B3A057 /* AnimatingBindingsView.swift in Sources */ = {isa = PBXBuildFile; fileRef = F1E8739E24AD070400B3A057 /* AnimatingBindingsView.swift */; };
		F1E873A024AD070400B3A057 /* AnimatingBindingsView.swift in Sources */ = {isa = PBXBuildFile; fileRef = F1E8739E24AD070400B3A057 /* AnimatingBindingsView.swift */; };
		F1E873A224AD07D900B3A057 /* ExplicitAnimationView.swift in Sources */ = {isa = PBXBuildFile; fileRef = F1E873A124AD07D900B3A057 /* ExplicitAnimationView.swift */; };
		F1E873A324AD07D900B3A057 /* ExplicitAnimationView.swift in Sources */ = {isa = PBXBuildFile; fileRef = F1E873A124AD07D900B3A057 /* ExplicitAnimationView.swift */; };
		F1E873A524AD08A800B3A057 /* AnimationStackView.swift in Sources */ = {isa = PBXBuildFile; fileRef = F1E873A424AD08A800B3A057 /* AnimationStackView.swift */; };
		F1E873A624AD08A800B3A057 /* AnimationStackView.swift in Sources */ = {isa = PBXBuildFile; fileRef = F1E873A424AD08A800B3A057 /* AnimationStackView.swift */; };
		F1E873A824AD09AF00B3A057 /* AnimatingGesturesView.swift in Sources */ = {isa = PBXBuildFile; fileRef = F1E873A724AD09AF00B3A057 /* AnimatingGesturesView.swift */; };
		F1E873A924AD09AF00B3A057 /* AnimatingGesturesView.swift in Sources */ = {isa = PBXBuildFile; fileRef = F1E873A724AD09AF00B3A057 /* AnimatingGesturesView.swift */; };
		F1E873AB24AD0B3100B3A057 /* TransitionsView.swift in Sources */ = {isa = PBXBuildFile; fileRef = F1E873AA24AD0B3100B3A057 /* TransitionsView.swift */; };
		F1E873AC24AD0B3100B3A057 /* TransitionsView.swift in Sources */ = {isa = PBXBuildFile; fileRef = F1E873AA24AD0B3100B3A057 /* TransitionsView.swift */; };
/* End PBXBuildFile section */

/* Begin PBXFileReference section */
		F167762F24ABB7F400019F14 /* AnimationsApp.swift */ = {isa = PBXFileReference; lastKnownFileType = sourcecode.swift; path = AnimationsApp.swift; sourceTree = "<group>"; };
		F167763024ABB7F400019F14 /* HomeView.swift */ = {isa = PBXFileReference; lastKnownFileType = sourcecode.swift; path = HomeView.swift; sourceTree = "<group>"; };
		F167763124ABB7F400019F14 /* Assets.xcassets */ = {isa = PBXFileReference; lastKnownFileType = folder.assetcatalog; path = Assets.xcassets; sourceTree = "<group>"; };
		F167763624ABB7F400019F14 /* Animations.app */ = {isa = PBXFileReference; explicitFileType = wrapper.application; includeInIndex = 0; path = Animations.app; sourceTree = BUILT_PRODUCTS_DIR; };
		F167763924ABB7F400019F14 /* Info.plist */ = {isa = PBXFileReference; lastKnownFileType = text.plist.xml; path = Info.plist; sourceTree = "<group>"; };
		F167763E24ABB7F400019F14 /* Animations.app */ = {isa = PBXFileReference; explicitFileType = wrapper.application; includeInIndex = 0; path = Animations.app; sourceTree = BUILT_PRODUCTS_DIR; };
		F167764024ABB7F400019F14 /* Info.plist */ = {isa = PBXFileReference; lastKnownFileType = text.plist.xml; path = Info.plist; sourceTree = "<group>"; };
		F167764124ABB7F400019F14 /* macOS.entitlements */ = {isa = PBXFileReference; lastKnownFileType = text.plist.entitlements; path = macOS.entitlements; sourceTree = "<group>"; };
		F1E8739B24AD057B00B3A057 /* ImplicitAnimationView.swift */ = {isa = PBXFileReference; lastKnownFileType = sourcecode.swift; path = ImplicitAnimationView.swift; sourceTree = "<group>"; };
		F1E8739E24AD070400B3A057 /* AnimatingBindingsView.swift */ = {isa = PBXFileReference; lastKnownFileType = sourcecode.swift; path = AnimatingBindingsView.swift; sourceTree = "<group>"; };
		F1E873A124AD07D900B3A057 /* ExplicitAnimationView.swift */ = {isa = PBXFileReference; lastKnownFileType = sourcecode.swift; path = ExplicitAnimationView.swift; sourceTree = "<group>"; };
		F1E873A424AD08A800B3A057 /* AnimationStackView.swift */ = {isa = PBXFileReference; lastKnownFileType = sourcecode.swift; path = AnimationStackView.swift; sourceTree = "<group>"; };
		F1E873A724AD09AF00B3A057 /* AnimatingGesturesView.swift */ = {isa = PBXFileReference; lastKnownFileType = sourcecode.swift; path = AnimatingGesturesView.swift; sourceTree = "<group>"; };
		F1E873AA24AD0B3100B3A057 /* TransitionsView.swift */ = {isa = PBXFileReference; lastKnownFileType = sourcecode.swift; path = TransitionsView.swift; sourceTree = "<group>"; };
/* End PBXFileReference section */

/* Begin PBXFrameworksBuildPhase section */
		F167763324ABB7F400019F14 /* Frameworks */ = {
			isa = PBXFrameworksBuildPhase;
			buildActionMask = 2147483647;
			files = (
			);
			runOnlyForDeploymentPostprocessing = 0;
		};
		F167763B24ABB7F400019F14 /* Frameworks */ = {
			isa = PBXFrameworksBuildPhase;
			buildActionMask = 2147483647;
			files = (
			);
			runOnlyForDeploymentPostprocessing = 0;
		};
/* End PBXFrameworksBuildPhase section */

/* Begin PBXGroup section */
		F167762924ABB7F400019F14 = {
			isa = PBXGroup;
			children = (
				F167762E24ABB7F400019F14 /* Shared */,
				F167763824ABB7F400019F14 /* iOS */,
				F167763F24ABB7F400019F14 /* macOS */,
				F167763724ABB7F400019F14 /* Products */,
			);
			sourceTree = "<group>";
		};
		F167762E24ABB7F400019F14 /* Shared */ = {
			isa = PBXGroup;
			children = (
				F167762F24ABB7F400019F14 /* AnimationsApp.swift */,
				F167763024ABB7F400019F14 /* HomeView.swift */,
				F1E8739B24AD057B00B3A057 /* ImplicitAnimationView.swift */,
				F1E8739E24AD070400B3A057 /* AnimatingBindingsView.swift */,
				F1E873A124AD07D900B3A057 /* ExplicitAnimationView.swift */,
				F1E873A424AD08A800B3A057 /* AnimationStackView.swift */,
				F1E873A724AD09AF00B3A057 /* AnimatingGesturesView.swift */,
				F1E873AA24AD0B3100B3A057 /* TransitionsView.swift */,
				F167763124ABB7F400019F14 /* Assets.xcassets */,
			);
			path = Shared;
			sourceTree = "<group>";
		};
		F167763724ABB7F400019F14 /* Products */ = {
			isa = PBXGroup;
			children = (
				F167763624ABB7F400019F14 /* Animations.app */,
				F167763E24ABB7F400019F14 /* Animations.app */,
			);
			name = Products;
			sourceTree = "<group>";
		};
		F167763824ABB7F400019F14 /* iOS */ = {
			isa = PBXGroup;
			children = (
				F167763924ABB7F400019F14 /* Info.plist */,
			);
			path = iOS;
			sourceTree = "<group>";
		};
		F167763F24ABB7F400019F14 /* macOS */ = {
			isa = PBXGroup;
			children = (
				F167764024ABB7F400019F14 /* Info.plist */,
				F167764124ABB7F400019F14 /* macOS.entitlements */,
			);
			path = macOS;
			sourceTree = "<group>";
		};
/* End PBXGroup section */

/* Begin PBXNativeTarget section */
		F167763524ABB7F400019F14 /* iOS */ = {
			isa = PBXNativeTarget;
			buildConfigurationList = F167764A24ABB7F400019F14 /* Build configuration list for PBXNativeTarget "iOS" */;
			buildPhases = (
				F167763224ABB7F400019F14 /* Sources */,
				F167763324ABB7F400019F14 /* Frameworks */,
				F167763424ABB7F400019F14 /* Resources */,
			);
			buildRules = (
			);
			dependencies = (
			);
			name = iOS;
			productName = iOS;
			productReference = F167763624ABB7F400019F14 /* Animations.app */;
			productType = "com.apple.product-type.application";
		};
		F167763D24ABB7F400019F14 /* macOS */ = {
			isa = PBXNativeTarget;
			buildConfigurationList = F167764D24ABB7F400019F14 /* Build configuration list for PBXNativeTarget "macOS" */;
			buildPhases = (
				F167763A24ABB7F400019F14 /* Sources */,
				F167763B24ABB7F400019F14 /* Frameworks */,
				F167763C24ABB7F400019F14 /* Resources */,
			);
			buildRules = (
			);
			dependencies = (
			);
			name = macOS;
			productName = macOS;
			productReference = F167763E24ABB7F400019F14 /* Animations.app */;
			productType = "com.apple.product-type.application";
		};
/* End PBXNativeTarget section */

/* Begin PBXProject section */
		F167762A24ABB7F400019F14 /* Project object */ = {
			isa = PBXProject;
			attributes = {
				LastSwiftUpdateCheck = 1200;
				LastUpgradeCheck = 1200;
				TargetAttributes = {
					F167763524ABB7F400019F14 = {
						CreatedOnToolsVersion = 12.0;
					};
					F167763D24ABB7F400019F14 = {
						CreatedOnToolsVersion = 12.0;
					};
				};
			};
			buildConfigurationList = F167762D24ABB7F400019F14 /* Build configuration list for PBXProject "Animations" */;
			compatibilityVersion = "Xcode 9.3";
			developmentRegion = en;
			hasScannedForEncodings = 0;
			knownRegions = (
				en,
				Base,
			);
			mainGroup = F167762924ABB7F400019F14;
			productRefGroup = F167763724ABB7F400019F14 /* Products */;
			projectDirPath = "";
			projectRoot = "";
			targets = (
				F167763524ABB7F400019F14 /* iOS */,
				F167763D24ABB7F400019F14 /* macOS */,
			);
		};
/* End PBXProject section */

/* Begin PBXResourcesBuildPhase section */
		F167763424ABB7F400019F14 /* Resources */ = {
			isa = PBXResourcesBuildPhase;
			buildActionMask = 2147483647;
			files = (
				F167764624ABB7F400019F14 /* Assets.xcassets in Resources */,
			);
			runOnlyForDeploymentPostprocessing = 0;
		};
		F167763C24ABB7F400019F14 /* Resources */ = {
			isa = PBXResourcesBuildPhase;
			buildActionMask = 2147483647;
			files = (
				F167764724ABB7F400019F14 /* Assets.xcassets in Resources */,
			);
			runOnlyForDeploymentPostprocessing = 0;
		};
/* End PBXResourcesBuildPhase section */

/* Begin PBXSourcesBuildPhase section */
		F167763224ABB7F400019F14 /* Sources */ = {
			isa = PBXSourcesBuildPhase;
			buildActionMask = 2147483647;
			files = (
				F1E873A524AD08A800B3A057 /* AnimationStackView.swift in Sources */,
				F1E873AB24AD0B3100B3A057 /* TransitionsView.swift in Sources */,
				F1E8739C24AD057B00B3A057 /* ImplicitAnimationView.swift in Sources */,
				F167764424ABB7F400019F14 /* HomeView.swift in Sources */,
				F167764224ABB7F400019F14 /* AnimationsApp.swift in Sources */,
				F1E873A824AD09AF00B3A057 /* AnimatingGesturesView.swift in Sources */,
				F1E873A224AD07D900B3A057 /* ExplicitAnimationView.swift in Sources */,
				F1E8739F24AD070400B3A057 /* AnimatingBindingsView.swift in Sources */,
			);
			runOnlyForDeploymentPostprocessing = 0;
		};
		F167763A24ABB7F400019F14 /* Sources */ = {
			isa = PBXSourcesBuildPhase;
			buildActionMask = 2147483647;
			files = (
				F1E873A624AD08A800B3A057 /* AnimationStackView.swift in Sources */,
				F1E873AC24AD0B3100B3A057 /* TransitionsView.swift in Sources */,
				F1E8739D24AD057B00B3A057 /* ImplicitAnimationView.swift in Sources */,
				F167764524ABB7F400019F14 /* HomeView.swift in Sources */,
				F167764324ABB7F400019F14 /* AnimationsApp.swift in Sources */,
				F1E873A924AD09AF00B3A057 /* AnimatingGesturesView.swift in Sources */,
				F1E873A324AD07D900B3A057 /* ExplicitAnimationView.swift in Sources */,
				F1E873A024AD070400B3A057 /* AnimatingBindingsView.swift in Sources */,
			);
			runOnlyForDeploymentPostprocessing = 0;
		};
/* End PBXSourcesBuildPhase section */

/* Begin XCBuildConfiguration section */
		F167764824ABB7F400019F14 /* Debug */ = {
			isa = XCBuildConfiguration;
			buildSettings = {
				ALWAYS_SEARCH_USER_PATHS = NO;
				CLANG_ANALYZER_NONNULL = YES;
				CLANG_ANALYZER_NUMBER_OBJECT_CONVERSION = YES_AGGRESSIVE;
				CLANG_CXX_LANGUAGE_STANDARD = "gnu++14";
				CLANG_CXX_LIBRARY = "libc++";
				CLANG_ENABLE_MODULES = YES;
				CLANG_ENABLE_OBJC_ARC = YES;
				CLANG_ENABLE_OBJC_WEAK = YES;
				CLANG_WARN_BLOCK_CAPTURE_AUTORELEASING = YES;
				CLANG_WARN_BOOL_CONVERSION = YES;
				CLANG_WARN_COMMA = YES;
				CLANG_WARN_CONSTANT_CONVERSION = YES;
				CLANG_WARN_DEPRECATED_OBJC_IMPLEMENTATIONS = YES;
				CLANG_WARN_DIRECT_OBJC_ISA_USAGE = YES_ERROR;
				CLANG_WARN_DOCUMENTATION_COMMENTS = YES;
				CLANG_WARN_EMPTY_BODY = YES;
				CLANG_WARN_ENUM_CONVERSION = YES;
				CLANG_WARN_INFINITE_RECURSION = YES;
				CLANG_WARN_INT_CONVERSION = YES;
				CLANG_WARN_NON_LITERAL_NULL_CONVERSION = YES;
				CLANG_WARN_OBJC_IMPLICIT_RETAIN_SELF = YES;
				CLANG_WARN_OBJC_LITERAL_CONVERSION = YES;
				CLANG_WARN_OBJC_ROOT_CLASS = YES_ERROR;
				CLANG_WARN_QUOTED_INCLUDE_IN_FRAMEWORK_HEADER = YES;
				CLANG_WARN_RANGE_LOOP_ANALYSIS = YES;
				CLANG_WARN_STRICT_PROTOTYPES = YES;
				CLANG_WARN_SUSPICIOUS_MOVE = YES;
				CLANG_WARN_UNGUARDED_AVAILABILITY = YES_AGGRESSIVE;
				CLANG_WARN_UNREACHABLE_CODE = YES;
				CLANG_WARN__DUPLICATE_METHOD_MATCH = YES;
				COPY_PHASE_STRIP = NO;
				DEBUG_INFORMATION_FORMAT = dwarf;
				ENABLE_STRICT_OBJC_MSGSEND = YES;
				ENABLE_TESTABILITY = YES;
				GCC_C_LANGUAGE_STANDARD = gnu11;
				GCC_DYNAMIC_NO_PIC = NO;
				GCC_NO_COMMON_BLOCKS = YES;
				GCC_OPTIMIZATION_LEVEL = 0;
				GCC_PREPROCESSOR_DEFINITIONS = (
					"DEBUG=1",
					"$(inherited)",
				);
				GCC_WARN_64_TO_32_BIT_CONVERSION = YES;
				GCC_WARN_ABOUT_RETURN_TYPE = YES_ERROR;
				GCC_WARN_UNDECLARED_SELECTOR = YES;
				GCC_WARN_UNINITIALIZED_AUTOS = YES_AGGRESSIVE;
				GCC_WARN_UNUSED_FUNCTION = YES;
				GCC_WARN_UNUSED_VARIABLE = YES;
				MTL_ENABLE_DEBUG_INFO = INCLUDE_SOURCE;
				MTL_FAST_MATH = YES;
				ONLY_ACTIVE_ARCH = YES;
				SWIFT_ACTIVE_COMPILATION_CONDITIONS = DEBUG;
				SWIFT_OPTIMIZATION_LEVEL = "-Onone";
			};
			name = Debug;
		};
		F167764924ABB7F400019F14 /* Release */ = {
			isa = XCBuildConfiguration;
			buildSettings = {
				ALWAYS_SEARCH_USER_PATHS = NO;
				CLANG_ANALYZER_NONNULL = YES;
				CLANG_ANALYZER_NUMBER_OBJECT_CONVERSION = YES_AGGRESSIVE;
				CLANG_CXX_LANGUAGE_STANDARD = "gnu++14";
				CLANG_CXX_LIBRARY = "libc++";
				CLANG_ENABLE_MODULES = YES;
				CLANG_ENABLE_OBJC_ARC = YES;
				CLANG_ENABLE_OBJC_WEAK = YES;
				CLANG_WARN_BLOCK_CAPTURE_AUTORELEASING = YES;
				CLANG_WARN_BOOL_CONVERSION = YES;
				CLANG_WARN_COMMA = YES;
				CLANG_WARN_CONSTANT_CONVERSION = YES;
				CLANG_WARN_DEPRECATED_OBJC_IMPLEMENTATIONS = YES;
				CLANG_WARN_DIRECT_OBJC_ISA_USAGE = YES_ERROR;
				CLANG_WARN_DOCUMENTATION_COMMENTS = YES;
				CLANG_WARN_EMPTY_BODY = YES;
				CLANG_WARN_ENUM_CONVERSION = YES;
				CLANG_WARN_INFINITE_RECURSION = YES;
				CLANG_WARN_INT_CONVERSION = YES;
				CLANG_WARN_NON_LITERAL_NULL_CONVERSION = YES;
				CLANG_WARN_OBJC_IMPLICIT_RETAIN_SELF = YES;
				CLANG_WARN_OBJC_LITERAL_CONVERSION = YES;
				CLANG_WARN_OBJC_ROOT_CLASS = YES_ERROR;
				CLANG_WARN_QUOTED_INCLUDE_IN_FRAMEWORK_HEADER = YES;
				CLANG_WARN_RANGE_LOOP_ANALYSIS = YES;
				CLANG_WARN_STRICT_PROTOTYPES = YES;
				CLANG_WARN_SUSPICIOUS_MOVE = YES;
				CLANG_WARN_UNGUARDED_AVAILABILITY = YES_AGGRESSIVE;
				CLANG_WARN_UNREACHABLE_CODE = YES;
				CLANG_WARN__DUPLICATE_METHOD_MATCH = YES;
				COPY_PHASE_STRIP = NO;
				DEBUG_INFORMATION_FORMAT = "dwarf-with-dsym";
				ENABLE_NS_ASSERTIONS = NO;
				ENABLE_STRICT_OBJC_MSGSEND = YES;
				GCC_C_LANGUAGE_STANDARD = gnu11;
				GCC_NO_COMMON_BLOCKS = YES;
				GCC_WARN_64_TO_32_BIT_CONVERSION = YES;
				GCC_WARN_ABOUT_RETURN_TYPE = YES_ERROR;
				GCC_WARN_UNDECLARED_SELECTOR = YES;
				GCC_WARN_UNINITIALIZED_AUTOS = YES_AGGRESSIVE;
				GCC_WARN_UNUSED_FUNCTION = YES;
				GCC_WARN_UNUSED_VARIABLE = YES;
				MTL_ENABLE_DEBUG_INFO = NO;
				MTL_FAST_MATH = YES;
				SWIFT_COMPILATION_MODE = wholemodule;
				SWIFT_OPTIMIZATION_LEVEL = "-O";
			};
			name = Release;
		};
		F167764B24ABB7F400019F14 /* Debug */ = {
			isa = XCBuildConfiguration;
			buildSettings = {
				ASSETCATALOG_COMPILER_APPICON_NAME = AppIcon;
				ASSETCATALOG_COMPILER_GLOBAL_ACCENT_COLOR_NAME = AccentColor;
				CODE_SIGN_STYLE = Automatic;
				ENABLE_PREVIEWS = YES;
				INFOPLIST_FILE = iOS/Info.plist;
				IPHONEOS_DEPLOYMENT_TARGET = 14.0;
				LD_RUNPATH_SEARCH_PATHS = (
					"$(inherited)",
					"@executable_path/Frameworks",
				);
				PRODUCT_BUNDLE_IDENTIFIER = com.iamjdpatel.swiftui.Animations;
				PRODUCT_NAME = Animations;
				SDKROOT = iphoneos;
				SWIFT_VERSION = 5.0;
				TARGETED_DEVICE_FAMILY = "1,2";
			};
			name = Debug;
		};
		F167764C24ABB7F400019F14 /* Release */ = {
			isa = XCBuildConfiguration;
			buildSettings = {
				ASSETCATALOG_COMPILER_APPICON_NAME = AppIcon;
				ASSETCATALOG_COMPILER_GLOBAL_ACCENT_COLOR_NAME = AccentColor;
				CODE_SIGN_STYLE = Automatic;
				ENABLE_PREVIEWS = YES;
				INFOPLIST_FILE = iOS/Info.plist;
				IPHONEOS_DEPLOYMENT_TARGET = 14.0;
				LD_RUNPATH_SEARCH_PATHS = (
					"$(inherited)",
					"@executable_path/Frameworks",
				);
				PRODUCT_BUNDLE_IDENTIFIER = com.iamjdpatel.swiftui.Animations;
				PRODUCT_NAME = Animations;
				SDKROOT = iphoneos;
				SWIFT_VERSION = 5.0;
				TARGETED_DEVICE_FAMILY = "1,2";
				VALIDATE_PRODUCT = YES;
			};
			name = Release;
		};
		F167764E24ABB7F400019F14 /* Debug */ = {
			isa = XCBuildConfiguration;
			buildSettings = {
				ASSETCATALOG_COMPILER_APPICON_NAME = AppIcon;
				ASSETCATALOG_COMPILER_GLOBAL_ACCENT_COLOR_NAME = AccentColor;
				CODE_SIGN_ENTITLEMENTS = macOS/macOS.entitlements;
				CODE_SIGN_STYLE = Automatic;
				COMBINE_HIDPI_IMAGES = YES;
				ENABLE_PREVIEWS = YES;
				INFOPLIST_FILE = macOS/Info.plist;
				LD_RUNPATH_SEARCH_PATHS = (
					"$(inherited)",
					"@executable_path/../Frameworks",
				);
				MACOSX_DEPLOYMENT_TARGET = 10.16;
				PRODUCT_BUNDLE_IDENTIFIER = com.iamjdpatel.swiftui.Animations;
				PRODUCT_NAME = Animations;
				SDKROOT = macosx;
				SWIFT_VERSION = 5.0;
			};
			name = Debug;
		};
		F167764F24ABB7F400019F14 /* Release */ = {
			isa = XCBuildConfiguration;
			buildSettings = {
				ASSETCATALOG_COMPILER_APPICON_NAME = AppIcon;
				ASSETCATALOG_COMPILER_GLOBAL_ACCENT_COLOR_NAME = AccentColor;
				CODE_SIGN_ENTITLEMENTS = macOS/macOS.entitlements;
				CODE_SIGN_STYLE = Automatic;
				COMBINE_HIDPI_IMAGES = YES;
				ENABLE_PREVIEWS = YES;
				INFOPLIST_FILE = macOS/Info.plist;
				LD_RUNPATH_SEARCH_PATHS = (
					"$(inherited)",
					"@executable_path/../Frameworks",
				);
				MACOSX_DEPLOYMENT_TARGET = 10.16;
				PRODUCT_BUNDLE_IDENTIFIER = com.iamjdpatel.swiftui.Animations;
				PRODUCT_NAME = Animations;
				SDKROOT = macosx;
				SWIFT_VERSION = 5.0;
			};
			name = Release;
		};
/* End XCBuildConfiguration section */

/* Begin XCConfigurationList section */
		F167762D24ABB7F400019F14 /* Build configuration list for PBXProject "Animations" */ = {
			isa = XCConfigurationList;
			buildConfigurations = (
				F167764824ABB7F400019F14 /* Debug */,
				F167764924ABB7F400019F14 /* Release */,
			);
			defaultConfigurationIsVisible = 0;
			defaultConfigurationName = Release;
		};
		F167764A24ABB7F400019F14 /* Build configuration list for PBXNativeTarget "iOS" */ = {
			isa = XCConfigurationList;
			buildConfigurations = (
				F167764B24ABB7F400019F14 /* Debug */,
				F167764C24ABB7F400019F14 /* Release */,
			);
			defaultConfigurationIsVisible = 0;
			defaultConfigurationName = Release;
		};
		F167764D24ABB7F400019F14 /* Build configuration list for PBXNativeTarget "macOS" */ = {
			isa = XCConfigurationList;
			buildConfigurations = (
				F167764E24ABB7F400019F14 /* Debug */,
				F167764F24ABB7F400019F14 /* Release */,
			);
			defaultConfigurationIsVisible = 0;
			defaultConfigurationName = Release;
		};
/* End XCConfigurationList section */
	};
	rootObject = F167762A24ABB7F400019F14 /* Project object */;
}
