// !$*UTF8*$!
{
	archiveVersion = 1;
	classes = {
	};
	objectVersion = 50;
	objects = {

/* Begin PBXBuildFile section */
		F16FC88E24AA3B7A003602B3 /* ViewsAndModifiersApp.swift in Sources */ = {isa = PBXBuildFile; fileRef = F16FC87B24AA3B79003602B3 /* ViewsAndModifiersApp.swift */; };
		F16FC88F24AA3B7A003602B3 /* ViewsAndModifiersApp.swift in Sources */ = {isa = PBXBuildFile; fileRef = F16FC87B24AA3B79003602B3 /* ViewsAndModifiersApp.swift */; };
		F16FC89024AA3B7A003602B3 /* HomeView.swift in Sources */ = {isa = PBXBuildFile; fileRef = F16FC87C24AA3B79003602B3 /* HomeView.swift */; };
		F16FC89124AA3B7A003602B3 /* HomeView.swift in Sources */ = {isa = PBXBuildFile; fileRef = F16FC87C24AA3B79003602B3 /* HomeView.swift */; };
		F16FC89224AA3B7A003602B3 /* Assets.xcassets in Resources */ = {isa = PBXBuildFile; fileRef = F16FC87D24AA3B7A003602B3 /* Assets.xcassets */; };
		F16FC89324AA3B7A003602B3 /* Assets.xcassets in Resources */ = {isa = PBXBuildFile; fileRef = F16FC87D24AA3B7A003602B3 /* Assets.xcassets */; };
		F16FC89D24AA46DD003602B3 /* CapsuleText.swift in Sources */ = {isa = PBXBuildFile; fileRef = F16FC89C24AA46DD003602B3 /* CapsuleText.swift */; };
		F16FC89E24AA46DD003602B3 /* CapsuleText.swift in Sources */ = {isa = PBXBuildFile; fileRef = F16FC89C24AA46DD003602B3 /* CapsuleText.swift */; };
		F16FC8A024AA48B2003602B3 /* Watermark.swift in Sources */ = {isa = PBXBuildFile; fileRef = F16FC89F24AA48B2003602B3 /* Watermark.swift */; };
		F16FC8A124AA48B2003602B3 /* Watermark.swift in Sources */ = {isa = PBXBuildFile; fileRef = F16FC89F24AA48B2003602B3 /* Watermark.swift */; };
		F16FC8A324AA48F9003602B3 /* Title.swift in Sources */ = {isa = PBXBuildFile; fileRef = F16FC8A224AA48F9003602B3 /* Title.swift */; };
		F16FC8A424AA48F9003602B3 /* Title.swift in Sources */ = {isa = PBXBuildFile; fileRef = F16FC8A224AA48F9003602B3 /* Title.swift */; };
		F16FC8A624AA4C5A003602B3 /* GridView.swift in Sources */ = {isa = PBXBuildFile; fileRef = F16FC8A524AA4C5A003602B3 /* GridView.swift */; };
		F16FC8A724AA4C5A003602B3 /* GridView.swift in Sources */ = {isa = PBXBuildFile; fileRef = F16FC8A524AA4C5A003602B3 /* GridView.swift */; };
/* End PBXBuildFile section */

/* Begin PBXFileReference section */
		F16FC87B24AA3B79003602B3 /* ViewsAndModifiersApp.swift */ = {isa = PBXFileReference; lastKnownFileType = sourcecode.swift; path = ViewsAndModifiersApp.swift; sourceTree = "<group>"; };
		F16FC87C24AA3B79003602B3 /* HomeView.swift */ = {isa = PBXFileReference; lastKnownFileType = sourcecode.swift; path = HomeView.swift; sourceTree = "<group>"; };
		F16FC87D24AA3B7A003602B3 /* Assets.xcassets */ = {isa = PBXFileReference; lastKnownFileType = folder.assetcatalog; path = Assets.xcassets; sourceTree = "<group>"; };
		F16FC88224AA3B7A003602B3 /* ViewsAndModifiers.app */ = {isa = PBXFileReference; explicitFileType = wrapper.application; includeInIndex = 0; path = ViewsAndModifiers.app; sourceTree = BUILT_PRODUCTS_DIR; };
		F16FC88524AA3B7A003602B3 /* Info.plist */ = {isa = PBXFileReference; lastKnownFileType = text.plist.xml; path = Info.plist; sourceTree = "<group>"; };
		F16FC88A24AA3B7A003602B3 /* ViewsAndModifiers.app */ = {isa = PBXFileReference; explicitFileType = wrapper.application; includeInIndex = 0; path = ViewsAndModifiers.app; sourceTree = BUILT_PRODUCTS_DIR; };
		F16FC88C24AA3B7A003602B3 /* Info.plist */ = {isa = PBXFileReference; lastKnownFileType = text.plist.xml; path = Info.plist; sourceTree = "<group>"; };
		F16FC88D24AA3B7A003602B3 /* macOS.entitlements */ = {isa = PBXFileReference; lastKnownFileType = text.plist.entitlements; path = macOS.entitlements; sourceTree = "<group>"; };
		F16FC89C24AA46DD003602B3 /* CapsuleText.swift */ = {isa = PBXFileReference; lastKnownFileType = sourcecode.swift; path = CapsuleText.swift; sourceTree = "<group>"; };
		F16FC89F24AA48B2003602B3 /* Watermark.swift */ = {isa = PBXFileReference; lastKnownFileType = sourcecode.swift; path = Watermark.swift; sourceTree = "<group>"; };
		F16FC8A224AA48F9003602B3 /* Title.swift */ = {isa = PBXFileReference; lastKnownFileType = sourcecode.swift; path = Title.swift; sourceTree = "<group>"; };
		F16FC8A524AA4C5A003602B3 /* GridView.swift */ = {isa = PBXFileReference; lastKnownFileType = sourcecode.swift; path = GridView.swift; sourceTree = "<group>"; };
/* End PBXFileReference section */

/* Begin PBXFrameworksBuildPhase section */
		F16FC87F24AA3B7A003602B3 /* Frameworks */ = {
			isa = PBXFrameworksBuildPhase;
			buildActionMask = 2147483647;
			files = (
			);
			runOnlyForDeploymentPostprocessing = 0;
		};
		F16FC88724AA3B7A003602B3 /* Frameworks */ = {
			isa = PBXFrameworksBuildPhase;
			buildActionMask = 2147483647;
			files = (
			);
			runOnlyForDeploymentPostprocessing = 0;
		};
/* End PBXFrameworksBuildPhase section */

/* Begin PBXGroup section */
		F16FC87524AA3B79003602B3 = {
			isa = PBXGroup;
			children = (
				F16FC87A24AA3B79003602B3 /* Shared */,
				F16FC88424AA3B7A003602B3 /* iOS */,
				F16FC88B24AA3B7A003602B3 /* macOS */,
				F16FC88324AA3B7A003602B3 /* Products */,
			);
			sourceTree = "<group>";
		};
		F16FC87A24AA3B79003602B3 /* Shared */ = {
			isa = PBXGroup;
			children = (
				F16FC87B24AA3B79003602B3 /* ViewsAndModifiersApp.swift */,
				F16FC87C24AA3B79003602B3 /* HomeView.swift */,
				F16FC8A224AA48F9003602B3 /* Title.swift */,
				F16FC89C24AA46DD003602B3 /* CapsuleText.swift */,
				F16FC89F24AA48B2003602B3 /* Watermark.swift */,
				F16FC8A524AA4C5A003602B3 /* GridView.swift */,
				F16FC87D24AA3B7A003602B3 /* Assets.xcassets */,
			);
			path = Shared;
			sourceTree = "<group>";
		};
		F16FC88324AA3B7A003602B3 /* Products */ = {
			isa = PBXGroup;
			children = (
				F16FC88224AA3B7A003602B3 /* ViewsAndModifiers.app */,
				F16FC88A24AA3B7A003602B3 /* ViewsAndModifiers.app */,
			);
			name = Products;
			sourceTree = "<group>";
		};
		F16FC88424AA3B7A003602B3 /* iOS */ = {
			isa = PBXGroup;
			children = (
				F16FC88524AA3B7A003602B3 /* Info.plist */,
			);
			path = iOS;
			sourceTree = "<group>";
		};
		F16FC88B24AA3B7A003602B3 /* macOS */ = {
			isa = PBXGroup;
			children = (
				F16FC88C24AA3B7A003602B3 /* Info.plist */,
				F16FC88D24AA3B7A003602B3 /* macOS.entitlements */,
			);
			path = macOS;
			sourceTree = "<group>";
		};
/* End PBXGroup section */

/* Begin PBXNativeTarget section */
		F16FC88124AA3B7A003602B3 /* iOS */ = {
			isa = PBXNativeTarget;
			buildConfigurationList = F16FC89624AA3B7A003602B3 /* Build configuration list for PBXNativeTarget "iOS" */;
			buildPhases = (
				F16FC87E24AA3B7A003602B3 /* Sources */,
				F16FC87F24AA3B7A003602B3 /* Frameworks */,
				F16FC88024AA3B7A003602B3 /* Resources */,
			);
			buildRules = (
			);
			dependencies = (
			);
			name = iOS;
			productName = iOS;
			productReference = F16FC88224AA3B7A003602B3 /* ViewsAndModifiers.app */;
			productType = "com.apple.product-type.application";
		};
		F16FC88924AA3B7A003602B3 /* macOS */ = {
			isa = PBXNativeTarget;
			buildConfigurationList = F16FC89924AA3B7A003602B3 /* Build configuration list for PBXNativeTarget "macOS" */;
			buildPhases = (
				F16FC88624AA3B7A003602B3 /* Sources */,
				F16FC88724AA3B7A003602B3 /* Frameworks */,
				F16FC88824AA3B7A003602B3 /* Resources */,
			);
			buildRules = (
			);
			dependencies = (
			);
			name = macOS;
			productName = macOS;
			productReference = F16FC88A24AA3B7A003602B3 /* ViewsAndModifiers.app */;
			productType = "com.apple.product-type.application";
		};
/* End PBXNativeTarget section */

/* Begin PBXProject section */
		F16FC87624AA3B79003602B3 /* Project object */ = {
			isa = PBXProject;
			attributes = {
				LastSwiftUpdateCheck = 1200;
				LastUpgradeCheck = 1200;
				TargetAttributes = {
					F16FC88124AA3B7A003602B3 = {
						CreatedOnToolsVersion = 12.0;
					};
					F16FC88924AA3B7A003602B3 = {
						CreatedOnToolsVersion = 12.0;
					};
				};
			};
			buildConfigurationList = F16FC87924AA3B79003602B3 /* Build configuration list for PBXProject "ViewsAndModifiers" */;
			compatibilityVersion = "Xcode 9.3";
			developmentRegion = en;
			hasScannedForEncodings = 0;
			knownRegions = (
				en,
				Base,
			);
			mainGroup = F16FC87524AA3B79003602B3;
			productRefGroup = F16FC88324AA3B7A003602B3 /* Products */;
			projectDirPath = "";
			projectRoot = "";
			targets = (
				F16FC88124AA3B7A003602B3 /* iOS */,
				F16FC88924AA3B7A003602B3 /* macOS */,
			);
		};
/* End PBXProject section */

/* Begin PBXResourcesBuildPhase section */
		F16FC88024AA3B7A003602B3 /* Resources */ = {
			isa = PBXResourcesBuildPhase;
			buildActionMask = 2147483647;
			files = (
				F16FC89224AA3B7A003602B3 /* Assets.xcassets in Resources */,
			);
			runOnlyForDeploymentPostprocessing = 0;
		};
		F16FC88824AA3B7A003602B3 /* Resources */ = {
			isa = PBXResourcesBuildPhase;
			buildActionMask = 2147483647;
			files = (
				F16FC89324AA3B7A003602B3 /* Assets.xcassets in Resources */,
			);
			runOnlyForDeploymentPostprocessing = 0;
		};
/* End PBXResourcesBuildPhase section */

/* Begin PBXSourcesBuildPhase section */
		F16FC87E24AA3B7A003602B3 /* Sources */ = {
			isa = PBXSourcesBuildPhase;
			buildActionMask = 2147483647;
			files = (
				F16FC8A324AA48F9003602B3 /* Title.swift in Sources */,
				F16FC8A024AA48B2003602B3 /* Watermark.swift in Sources */,
				F16FC89024AA3B7A003602B3 /* HomeView.swift in Sources */,
				F16FC88E24AA3B7A003602B3 /* ViewsAndModifiersApp.swift in Sources */,
				F16FC8A624AA4C5A003602B3 /* GridView.swift in Sources */,
				F16FC89D24AA46DD003602B3 /* CapsuleText.swift in Sources */,
			);
			runOnlyForDeploymentPostprocessing = 0;
		};
		F16FC88624AA3B7A003602B3 /* Sources */ = {
			isa = PBXSourcesBuildPhase;
			buildActionMask = 2147483647;
			files = (
				F16FC8A424AA48F9003602B3 /* Title.swift in Sources */,
				F16FC8A124AA48B2003602B3 /* Watermark.swift in Sources */,
				F16FC89124AA3B7A003602B3 /* HomeView.swift in Sources */,
				F16FC88F24AA3B7A003602B3 /* ViewsAndModifiersApp.swift in Sources */,
				F16FC8A724AA4C5A003602B3 /* GridView.swift in Sources */,
				F16FC89E24AA46DD003602B3 /* CapsuleText.swift in Sources */,
			);
			runOnlyForDeploymentPostprocessing = 0;
		};
/* End PBXSourcesBuildPhase section */

/* Begin XCBuildConfiguration section */
		F16FC89424AA3B7A003602B3 /* Debug */ = {
			isa = XCBuildConfiguration;
			buildSettings = {
				ALWAYS_SEARCH_USER_PATHS = NO;
				CLANG_ANALYZER_NONNULL = YES;
				CLANG_ANALYZER_NUMBER_OBJECT_CONVERSION = YES_AGGRESSIVE;
				CLANG_CXX_LANGUAGE_STANDARD = "gnu++14";
				CLANG_CXX_LIBRARY = "libc++";
				CLANG_ENABLE_MODULES = YES;
				CLANG_ENABLE_OBJC_ARC = YES;
				CLANG_ENABLE_OBJC_WEAK = YES;
				CLANG_WARN_BLOCK_CAPTURE_AUTORELEASING = YES;
				CLANG_WARN_BOOL_CONVERSION = YES;
				CLANG_WARN_COMMA = YES;
				CLANG_WARN_CONSTANT_CONVERSION = YES;
				CLANG_WARN_DEPRECATED_OBJC_IMPLEMENTATIONS = YES;
				CLANG_WARN_DIRECT_OBJC_ISA_USAGE = YES_ERROR;
				CLANG_WARN_DOCUMENTATION_COMMENTS = YES;
				CLANG_WARN_EMPTY_BODY = YES;
				CLANG_WARN_ENUM_CONVERSION = YES;
				CLANG_WARN_INFINITE_RECURSION = YES;
				CLANG_WARN_INT_CONVERSION = YES;
				CLANG_WARN_NON_LITERAL_NULL_CONVERSION = YES;
				CLANG_WARN_OBJC_IMPLICIT_RETAIN_SELF = YES;
				CLANG_WARN_OBJC_LITERAL_CONVERSION = YES;
				CLANG_WARN_OBJC_ROOT_CLASS = YES_ERROR;
				CLANG_WARN_QUOTED_INCLUDE_IN_FRAMEWORK_HEADER = YES;
				CLANG_WARN_RANGE_LOOP_ANALYSIS = YES;
				CLANG_WARN_STRICT_PROTOTYPES = YES;
				CLANG_WARN_SUSPICIOUS_MOVE = YES;
				CLANG_WARN_UNGUARDED_AVAILABILITY = YES_AGGRESSIVE;
				CLANG_WARN_UNREACHABLE_CODE = YES;
				CLANG_WARN__DUPLICATE_METHOD_MATCH = YES;
				COPY_PHASE_STRIP = NO;
				DEBUG_INFORMATION_FORMAT = dwarf;
				ENABLE_STRICT_OBJC_MSGSEND = YES;
				ENABLE_TESTABILITY = YES;
				GCC_C_LANGUAGE_STANDARD = gnu11;
				GCC_DYNAMIC_NO_PIC = NO;
				GCC_NO_COMMON_BLOCKS = YES;
				GCC_OPTIMIZATION_LEVEL = 0;
				GCC_PREPROCESSOR_DEFINITIONS = (
					"DEBUG=1",
					"$(inherited)",
				);
				GCC_WARN_64_TO_32_BIT_CONVERSION = YES;
				GCC_WARN_ABOUT_RETURN_TYPE = YES_ERROR;
				GCC_WARN_UNDECLARED_SELECTOR = YES;
				GCC_WARN_UNINITIALIZED_AUTOS = YES_AGGRESSIVE;
				GCC_WARN_UNUSED_FUNCTION = YES;
				GCC_WARN_UNUSED_VARIABLE = YES;
				MTL_ENABLE_DEBUG_INFO = INCLUDE_SOURCE;
				MTL_FAST_MATH = YES;
				ONLY_ACTIVE_ARCH = YES;
				SWIFT_ACTIVE_COMPILATION_CONDITIONS = DEBUG;
				SWIFT_OPTIMIZATION_LEVEL = "-Onone";
			};
			name = Debug;
		};
		F16FC89524AA3B7A003602B3 /* Release */ = {
			isa = XCBuildConfiguration;
			buildSettings = {
				ALWAYS_SEARCH_USER_PATHS = NO;
				CLANG_ANALYZER_NONNULL = YES;
				CLANG_ANALYZER_NUMBER_OBJECT_CONVERSION = YES_AGGRESSIVE;
				CLANG_CXX_LANGUAGE_STANDARD = "gnu++14";
				CLANG_CXX_LIBRARY = "libc++";
				CLANG_ENABLE_MODULES = YES;
				CLANG_ENABLE_OBJC_ARC = YES;
				CLANG_ENABLE_OBJC_WEAK = YES;
				CLANG_WARN_BLOCK_CAPTURE_AUTORELEASING = YES;
				CLANG_WARN_BOOL_CONVERSION = YES;
				CLANG_WARN_COMMA = YES;
				CLANG_WARN_CONSTANT_CONVERSION = YES;
				CLANG_WARN_DEPRECATED_OBJC_IMPLEMENTATIONS = YES;
				CLANG_WARN_DIRECT_OBJC_ISA_USAGE = YES_ERROR;
				CLANG_WARN_DOCUMENTATION_COMMENTS = YES;
				CLANG_WARN_EMPTY_BODY = YES;
				CLANG_WARN_ENUM_CONVERSION = YES;
				CLANG_WARN_INFINITE_RECURSION = YES;
				CLANG_WARN_INT_CONVERSION = YES;
				CLANG_WARN_NON_LITERAL_NULL_CONVERSION = YES;
				CLANG_WARN_OBJC_IMPLICIT_RETAIN_SELF = YES;
				CLANG_WARN_OBJC_LITERAL_CONVERSION = YES;
				CLANG_WARN_OBJC_ROOT_CLASS = YES_ERROR;
				CLANG_WARN_QUOTED_INCLUDE_IN_FRAMEWORK_HEADER = YES;
				CLANG_WARN_RANGE_LOOP_ANALYSIS = YES;
				CLANG_WARN_STRICT_PROTOTYPES = YES;
				CLANG_WARN_SUSPICIOUS_MOVE = YES;
				CLANG_WARN_UNGUARDED_AVAILABILITY = YES_AGGRESSIVE;
				CLANG_WARN_UNREACHABLE_CODE = YES;
				CLANG_WARN__DUPLICATE_METHOD_MATCH = YES;
				COPY_PHASE_STRIP = NO;
				DEBUG_INFORMATION_FORMAT = "dwarf-with-dsym";
				ENABLE_NS_ASSERTIONS = NO;
				ENABLE_STRICT_OBJC_MSGSEND = YES;
				GCC_C_LANGUAGE_STANDARD = gnu11;
				GCC_NO_COMMON_BLOCKS = YES;
				GCC_WARN_64_TO_32_BIT_CONVERSION = YES;
				GCC_WARN_ABOUT_RETURN_TYPE = YES_ERROR;
				GCC_WARN_UNDECLARED_SELECTOR = YES;
				GCC_WARN_UNINITIALIZED_AUTOS = YES_AGGRESSIVE;
				GCC_WARN_UNUSED_FUNCTION = YES;
				GCC_WARN_UNUSED_VARIABLE = YES;
				MTL_ENABLE_DEBUG_INFO = NO;
				MTL_FAST_MATH = YES;
				SWIFT_COMPILATION_MODE = wholemodule;
				SWIFT_OPTIMIZATION_LEVEL = "-O";
			};
			name = Release;
		};
		F16FC89724AA3B7A003602B3 /* Debug */ = {
			isa = XCBuildConfiguration;
			buildSettings = {
				ASSETCATALOG_COMPILER_APPICON_NAME = AppIcon;
				ASSETCATALOG_COMPILER_GLOBAL_ACCENT_COLOR_NAME = AccentColor;
				CODE_SIGN_STYLE = Manual;
				DEVELOPMENT_TEAM = "";
				ENABLE_PREVIEWS = YES;
				INFOPLIST_FILE = iOS/Info.plist;
				IPHONEOS_DEPLOYMENT_TARGET = 14.0;
				LD_RUNPATH_SEARCH_PATHS = (
					"$(inherited)",
					"@executable_path/Frameworks",
				);
				PRODUCT_BUNDLE_IDENTIFIER = com.iamjdpatel.swiftui.ViewsAndModifiers;
				PRODUCT_NAME = ViewsAndModifiers;
				PROVISIONING_PROFILE_SPECIFIER = "";
				SDKROOT = iphoneos;
				SWIFT_VERSION = 5.0;
				TARGETED_DEVICE_FAMILY = "1,2";
			};
			name = Debug;
		};
		F16FC89824AA3B7A003602B3 /* Release */ = {
			isa = XCBuildConfiguration;
			buildSettings = {
				ASSETCATALOG_COMPILER_APPICON_NAME = AppIcon;
				ASSETCATALOG_COMPILER_GLOBAL_ACCENT_COLOR_NAME = AccentColor;
				CODE_SIGN_STYLE = Manual;
				DEVELOPMENT_TEAM = "";
				ENABLE_PREVIEWS = YES;
				INFOPLIST_FILE = iOS/Info.plist;
				IPHONEOS_DEPLOYMENT_TARGET = 14.0;
				LD_RUNPATH_SEARCH_PATHS = (
					"$(inherited)",
					"@executable_path/Frameworks",
				);
				PRODUCT_BUNDLE_IDENTIFIER = com.iamjdpatel.swiftui.ViewsAndModifiers;
				PRODUCT_NAME = ViewsAndModifiers;
				PROVISIONING_PROFILE_SPECIFIER = "";
				SDKROOT = iphoneos;
				SWIFT_VERSION = 5.0;
				TARGETED_DEVICE_FAMILY = "1,2";
				VALIDATE_PRODUCT = YES;
			};
			name = Release;
		};
		F16FC89A24AA3B7A003602B3 /* Debug */ = {
			isa = XCBuildConfiguration;
			buildSettings = {
				ASSETCATALOG_COMPILER_APPICON_NAME = AppIcon;
				ASSETCATALOG_COMPILER_GLOBAL_ACCENT_COLOR_NAME = AccentColor;
				CODE_SIGN_ENTITLEMENTS = macOS/macOS.entitlements;
				CODE_SIGN_STYLE = Automatic;
				COMBINE_HIDPI_IMAGES = YES;
				ENABLE_PREVIEWS = YES;
				INFOPLIST_FILE = macOS/Info.plist;
				LD_RUNPATH_SEARCH_PATHS = (
					"$(inherited)",
					"@executable_path/../Frameworks",
				);
				MACOSX_DEPLOYMENT_TARGET = 10.16;
				PRODUCT_BUNDLE_IDENTIFIER = com.iamjdpatel.swiftui.ViewsAndModifiers;
				PRODUCT_NAME = ViewsAndModifiers;
				SDKROOT = macosx;
				SWIFT_VERSION = 5.0;
			};
			name = Debug;
		};
		F16FC89B24AA3B7A003602B3 /* Release */ = {
			isa = XCBuildConfiguration;
			buildSettings = {
				ASSETCATALOG_COMPILER_APPICON_NAME = AppIcon;
				ASSETCATALOG_COMPILER_GLOBAL_ACCENT_COLOR_NAME = AccentColor;
				CODE_SIGN_ENTITLEMENTS = macOS/macOS.entitlements;
				CODE_SIGN_STYLE = Automatic;
				COMBINE_HIDPI_IMAGES = YES;
				ENABLE_PREVIEWS = YES;
				INFOPLIST_FILE = macOS/Info.plist;
				LD_RUNPATH_SEARCH_PATHS = (
					"$(inherited)",
					"@executable_path/../Frameworks",
				);
				MACOSX_DEPLOYMENT_TARGET = 10.16;
				PRODUCT_BUNDLE_IDENTIFIER = com.iamjdpatel.swiftui.ViewsAndModifiers;
				PRODUCT_NAME = ViewsAndModifiers;
				SDKROOT = macosx;
				SWIFT_VERSION = 5.0;
			};
			name = Release;
		};
/* End XCBuildConfiguration section */

/* Begin XCConfigurationList section */
		F16FC87924AA3B79003602B3 /* Build configuration list for PBXProject "ViewsAndModifiers" */ = {
			isa = XCConfigurationList;
			buildConfigurations = (
				F16FC89424AA3B7A003602B3 /* Debug */,
				F16FC89524AA3B7A003602B3 /* Release */,
			);
			defaultConfigurationIsVisible = 0;
			defaultConfigurationName = Release;
		};
		F16FC89624AA3B7A003602B3 /* Build configuration list for PBXNativeTarget "iOS" */ = {
			isa = XCConfigurationList;
			buildConfigurations = (
				F16FC89724AA3B7A003602B3 /* Debug */,
				F16FC89824AA3B7A003602B3 /* Release */,
			);
			defaultConfigurationIsVisible = 0;
			defaultConfigurationName = Release;
		};
		F16FC89924AA3B7A003602B3 /* Build configuration list for PBXNativeTarget "macOS" */ = {
			isa = XCConfigurationList;
			buildConfigurations = (
				F16FC89A24AA3B7A003602B3 /* Debug */,
				F16FC89B24AA3B7A003602B3 /* Release */,
			);
			defaultConfigurationIsVisible = 0;
			defaultConfigurationName = Release;
		};
/* End XCConfigurationList section */
	};
	rootObject = F16FC87624AA3B79003602B3 /* Project object */;
}
