// !$*UTF8*$!
{
	archiveVersion = 1;
	classes = {
	};
	objectVersion = 50;
	objects = {

/* Begin PBXBuildFile section */
		F14EAC2C24AD0F6A003CDCFE /* FlowerView.swift in Sources */ = {isa = PBXBuildFile; fileRef = F14EAC2B24AD0F6A003CDCFE /* FlowerView.swift */; };
		F14EAC2D24AD0F6A003CDCFE /* FlowerView.swift in Sources */ = {isa = PBXBuildFile; fileRef = F14EAC2B24AD0F6A003CDCFE /* FlowerView.swift */; };
		F14EAC2F24AD0FA8003CDCFE /* ShapeView.swift in Sources */ = {isa = PBXBuildFile; fileRef = F14EAC2E24AD0FA8003CDCFE /* ShapeView.swift */; };
		F14EAC3024AD0FA8003CDCFE /* ShapeView.swift in Sources */ = {isa = PBXBuildFile; fileRef = F14EAC2E24AD0FA8003CDCFE /* ShapeView.swift */; };
		F14EAC3224AD109B003CDCFE /* ImagePaintView.swift in Sources */ = {isa = PBXBuildFile; fileRef = F14EAC3124AD109B003CDCFE /* ImagePaintView.swift */; };
		F14EAC3324AD109B003CDCFE /* ImagePaintView.swift in Sources */ = {isa = PBXBuildFile; fileRef = F14EAC3124AD109B003CDCFE /* ImagePaintView.swift */; };
		F1B161F324AE236E00C0A481 /* DrawingGroupView.swift in Sources */ = {isa = PBXBuildFile; fileRef = F1B161F224AE236E00C0A481 /* DrawingGroupView.swift */; };
		F1B161F424AE236E00C0A481 /* DrawingGroupView.swift in Sources */ = {isa = PBXBuildFile; fileRef = F1B161F224AE236E00C0A481 /* DrawingGroupView.swift */; };
		F1B161F624AE258900C0A481 /* SpecialEffectsView.swift in Sources */ = {isa = PBXBuildFile; fileRef = F1B161F524AE258900C0A481 /* SpecialEffectsView.swift */; };
		F1B161F724AE258900C0A481 /* SpecialEffectsView.swift in Sources */ = {isa = PBXBuildFile; fileRef = F1B161F524AE258900C0A481 /* SpecialEffectsView.swift */; };
		F1B161F924AE2A5300C0A481 /* AnimatableData.swift in Sources */ = {isa = PBXBuildFile; fileRef = F1B161F824AE2A5300C0A481 /* AnimatableData.swift */; };
		F1B161FA24AE2A5300C0A481 /* AnimatableData.swift in Sources */ = {isa = PBXBuildFile; fileRef = F1B161F824AE2A5300C0A481 /* AnimatableData.swift */; };
		F1B161FC24AE330000C0A481 /* AnimatablePairView.swift in Sources */ = {isa = PBXBuildFile; fileRef = F1B161FB24AE330000C0A481 /* AnimatablePairView.swift */; };
		F1B161FD24AE330000C0A481 /* AnimatablePairView.swift in Sources */ = {isa = PBXBuildFile; fileRef = F1B161FB24AE330000C0A481 /* AnimatablePairView.swift */; };
		F1B161FF24AE34DD00C0A481 /* SpirographView.swift in Sources */ = {isa = PBXBuildFile; fileRef = F1B161FE24AE34DD00C0A481 /* SpirographView.swift */; };
		F1B1620024AE34DD00C0A481 /* SpirographView.swift in Sources */ = {isa = PBXBuildFile; fileRef = F1B161FE24AE34DD00C0A481 /* SpirographView.swift */; };
		F1E873C624AD0D3F00B3A057 /* DrawingApp.swift in Sources */ = {isa = PBXBuildFile; fileRef = F1E873B324AD0D3E00B3A057 /* DrawingApp.swift */; };
		F1E873C724AD0D3F00B3A057 /* DrawingApp.swift in Sources */ = {isa = PBXBuildFile; fileRef = F1E873B324AD0D3E00B3A057 /* DrawingApp.swift */; };
		F1E873C824AD0D3F00B3A057 /* ContentView.swift in Sources */ = {isa = PBXBuildFile; fileRef = F1E873B424AD0D3E00B3A057 /* ContentView.swift */; };
		F1E873C924AD0D3F00B3A057 /* ContentView.swift in Sources */ = {isa = PBXBuildFile; fileRef = F1E873B424AD0D3E00B3A057 /* ContentView.swift */; };
		F1E873CA24AD0D3F00B3A057 /* Assets.xcassets in Resources */ = {isa = PBXBuildFile; fileRef = F1E873B524AD0D3F00B3A057 /* Assets.xcassets */; };
		F1E873CB24AD0D3F00B3A057 /* Assets.xcassets in Resources */ = {isa = PBXBuildFile; fileRef = F1E873B524AD0D3F00B3A057 /* Assets.xcassets */; };
/* End PBXBuildFile section */

/* Begin PBXFileReference section */
		F14EAC2B24AD0F6A003CDCFE /* FlowerView.swift */ = {isa = PBXFileReference; lastKnownFileType = sourcecode.swift; path = FlowerView.swift; sourceTree = "<group>"; };
		F14EAC2E24AD0FA8003CDCFE /* ShapeView.swift */ = {isa = PBXFileReference; lastKnownFileType = sourcecode.swift; path = ShapeView.swift; sourceTree = "<group>"; };
		F14EAC3124AD109B003CDCFE /* ImagePaintView.swift */ = {isa = PBXFileReference; lastKnownFileType = sourcecode.swift; path = ImagePaintView.swift; sourceTree = "<group>"; };
		F1B161F224AE236E00C0A481 /* DrawingGroupView.swift */ = {isa = PBXFileReference; lastKnownFileType = sourcecode.swift; path = DrawingGroupView.swift; sourceTree = "<group>"; };
		F1B161F524AE258900C0A481 /* SpecialEffectsView.swift */ = {isa = PBXFileReference; lastKnownFileType = sourcecode.swift; path = SpecialEffectsView.swift; sourceTree = "<group>"; };
		F1B161F824AE2A5300C0A481 /* AnimatableData.swift */ = {isa = PBXFileReference; lastKnownFileType = sourcecode.swift; path = AnimatableData.swift; sourceTree = "<group>"; };
		F1B161FB24AE330000C0A481 /* AnimatablePairView.swift */ = {isa = PBXFileReference; lastKnownFileType = sourcecode.swift; path = AnimatablePairView.swift; sourceTree = "<group>"; };
		F1B161FE24AE34DD00C0A481 /* SpirographView.swift */ = {isa = PBXFileReference; lastKnownFileType = sourcecode.swift; path = SpirographView.swift; sourceTree = "<group>"; };
		F1E873B324AD0D3E00B3A057 /* DrawingApp.swift */ = {isa = PBXFileReference; lastKnownFileType = sourcecode.swift; path = DrawingApp.swift; sourceTree = "<group>"; };
		F1E873B424AD0D3E00B3A057 /* ContentView.swift */ = {isa = PBXFileReference; lastKnownFileType = sourcecode.swift; path = ContentView.swift; sourceTree = "<group>"; };
		F1E873B524AD0D3F00B3A057 /* Assets.xcassets */ = {isa = PBXFileReference; lastKnownFileType = folder.assetcatalog; path = Assets.xcassets; sourceTree = "<group>"; };
		F1E873BA24AD0D3F00B3A057 /* Drawing.app */ = {isa = PBXFileReference; explicitFileType = wrapper.application; includeInIndex = 0; path = Drawing.app; sourceTree = BUILT_PRODUCTS_DIR; };
		F1E873BD24AD0D3F00B3A057 /* Info.plist */ = {isa = PBXFileReference; lastKnownFileType = text.plist.xml; path = Info.plist; sourceTree = "<group>"; };
		F1E873C224AD0D3F00B3A057 /* Drawing.app */ = {isa = PBXFileReference; explicitFileType = wrapper.application; includeInIndex = 0; path = Drawing.app; sourceTree = BUILT_PRODUCTS_DIR; };
		F1E873C424AD0D3F00B3A057 /* Info.plist */ = {isa = PBXFileReference; lastKnownFileType = text.plist.xml; path = Info.plist; sourceTree = "<group>"; };
		F1E873C524AD0D3F00B3A057 /* macOS.entitlements */ = {isa = PBXFileReference; lastKnownFileType = text.plist.entitlements; path = macOS.entitlements; sourceTree = "<group>"; };
/* End PBXFileReference section */

/* Begin PBXFrameworksBuildPhase section */
		F1E873B724AD0D3F00B3A057 /* Frameworks */ = {
			isa = PBXFrameworksBuildPhase;
			buildActionMask = 2147483647;
			files = (
			);
			runOnlyForDeploymentPostprocessing = 0;
		};
		F1E873BF24AD0D3F00B3A057 /* Frameworks */ = {
			isa = PBXFrameworksBuildPhase;
			buildActionMask = 2147483647;
			files = (
			);
			runOnlyForDeploymentPostprocessing = 0;
		};
/* End PBXFrameworksBuildPhase section */

/* Begin PBXGroup section */
		F1E873AD24AD0D3E00B3A057 = {
			isa = PBXGroup;
			children = (
				F1E873B224AD0D3E00B3A057 /* Shared */,
				F1E873BC24AD0D3F00B3A057 /* iOS */,
				F1E873C324AD0D3F00B3A057 /* macOS */,
				F1E873BB24AD0D3F00B3A057 /* Products */,
			);
			sourceTree = "<group>";
		};
		F1E873B224AD0D3E00B3A057 /* Shared */ = {
			isa = PBXGroup;
			children = (
				F1E873B324AD0D3E00B3A057 /* DrawingApp.swift */,
				F1E873B424AD0D3E00B3A057 /* ContentView.swift */,
				F14EAC2E24AD0FA8003CDCFE /* ShapeView.swift */,
				F14EAC2B24AD0F6A003CDCFE /* FlowerView.swift */,
				F14EAC3124AD109B003CDCFE /* ImagePaintView.swift */,
				F1B161F224AE236E00C0A481 /* DrawingGroupView.swift */,
				F1B161F524AE258900C0A481 /* SpecialEffectsView.swift */,
				F1B161F824AE2A5300C0A481 /* AnimatableData.swift */,
				F1B161FB24AE330000C0A481 /* AnimatablePairView.swift */,
				F1B161FE24AE34DD00C0A481 /* SpirographView.swift */,
				F1E873B524AD0D3F00B3A057 /* Assets.xcassets */,
			);
			path = Shared;
			sourceTree = "<group>";
		};
		F1E873BB24AD0D3F00B3A057 /* Products */ = {
			isa = PBXGroup;
			children = (
				F1E873BA24AD0D3F00B3A057 /* Drawing.app */,
				F1E873C224AD0D3F00B3A057 /* Drawing.app */,
			);
			name = Products;
			sourceTree = "<group>";
		};
		F1E873BC24AD0D3F00B3A057 /* iOS */ = {
			isa = PBXGroup;
			children = (
				F1E873BD24AD0D3F00B3A057 /* Info.plist */,
			);
			path = iOS;
			sourceTree = "<group>";
		};
		F1E873C324AD0D3F00B3A057 /* macOS */ = {
			isa = PBXGroup;
			children = (
				F1E873C424AD0D3F00B3A057 /* Info.plist */,
				F1E873C524AD0D3F00B3A057 /* macOS.entitlements */,
			);
			path = macOS;
			sourceTree = "<group>";
		};
/* End PBXGroup section */

/* Begin PBXNativeTarget section */
		F1E873B924AD0D3F00B3A057 /* iOS */ = {
			isa = PBXNativeTarget;
			buildConfigurationList = F1E873CE24AD0D3F00B3A057 /* Build configuration list for PBXNativeTarget "iOS" */;
			buildPhases = (
				F1E873B624AD0D3F00B3A057 /* Sources */,
				F1E873B724AD0D3F00B3A057 /* Frameworks */,
				F1E873B824AD0D3F00B3A057 /* Resources */,
			);
			buildRules = (
			);
			dependencies = (
			);
			name = iOS;
			productName = iOS;
			productReference = F1E873BA24AD0D3F00B3A057 /* Drawing.app */;
			productType = "com.apple.product-type.application";
		};
		F1E873C124AD0D3F00B3A057 /* macOS */ = {
			isa = PBXNativeTarget;
			buildConfigurationList = F1E873D124AD0D3F00B3A057 /* Build configuration list for PBXNativeTarget "macOS" */;
			buildPhases = (
				F1E873BE24AD0D3F00B3A057 /* Sources */,
				F1E873BF24AD0D3F00B3A057 /* Frameworks */,
				F1E873C024AD0D3F00B3A057 /* Resources */,
			);
			buildRules = (
			);
			dependencies = (
			);
			name = macOS;
			productName = macOS;
			productReference = F1E873C224AD0D3F00B3A057 /* Drawing.app */;
			productType = "com.apple.product-type.application";
		};
/* End PBXNativeTarget section */

/* Begin PBXProject section */
		F1E873AE24AD0D3E00B3A057 /* Project object */ = {
			isa = PBXProject;
			attributes = {
				LastSwiftUpdateCheck = 1200;
				LastUpgradeCheck = 1200;
				TargetAttributes = {
					F1E873B924AD0D3F00B3A057 = {
						CreatedOnToolsVersion = 12.0;
					};
					F1E873C124AD0D3F00B3A057 = {
						CreatedOnToolsVersion = 12.0;
					};
				};
			};
			buildConfigurationList = F1E873B124AD0D3E00B3A057 /* Build configuration list for PBXProject "Drawing" */;
			compatibilityVersion = "Xcode 9.3";
			developmentRegion = en;
			hasScannedForEncodings = 0;
			knownRegions = (
				en,
				Base,
			);
			mainGroup = F1E873AD24AD0D3E00B3A057;
			productRefGroup = F1E873BB24AD0D3F00B3A057 /* Products */;
			projectDirPath = "";
			projectRoot = "";
			targets = (
				F1E873B924AD0D3F00B3A057 /* iOS */,
				F1E873C124AD0D3F00B3A057 /* macOS */,
			);
		};
/* End PBXProject section */

/* Begin PBXResourcesBuildPhase section */
		F1E873B824AD0D3F00B3A057 /* Resources */ = {
			isa = PBXResourcesBuildPhase;
			buildActionMask = 2147483647;
			files = (
				F1E873CA24AD0D3F00B3A057 /* Assets.xcassets in Resources */,
			);
			runOnlyForDeploymentPostprocessing = 0;
		};
		F1E873C024AD0D3F00B3A057 /* Resources */ = {
			isa = PBXResourcesBuildPhase;
			buildActionMask = 2147483647;
			files = (
				F1E873CB24AD0D3F00B3A057 /* Assets.xcassets in Resources */,
			);
			runOnlyForDeploymentPostprocessing = 0;
		};
/* End PBXResourcesBuildPhase section */

/* Begin PBXSourcesBuildPhase section */
		F1E873B624AD0D3F00B3A057 /* Sources */ = {
			isa = PBXSourcesBuildPhase;
			buildActionMask = 2147483647;
			files = (
				F1E873C824AD0D3F00B3A057 /* ContentView.swift in Sources */,
				F1B161FF24AE34DD00C0A481 /* SpirographView.swift in Sources */,
				F1B161F324AE236E00C0A481 /* DrawingGroupView.swift in Sources */,
				F14EAC2C24AD0F6A003CDCFE /* FlowerView.swift in Sources */,
				F1B161FC24AE330000C0A481 /* AnimatablePairView.swift in Sources */,
				F1B161F624AE258900C0A481 /* SpecialEffectsView.swift in Sources */,
				F14EAC3224AD109B003CDCFE /* ImagePaintView.swift in Sources */,
				F14EAC2F24AD0FA8003CDCFE /* ShapeView.swift in Sources */,
				F1E873C624AD0D3F00B3A057 /* DrawingApp.swift in Sources */,
				F1B161F924AE2A5300C0A481 /* AnimatableData.swift in Sources */,
			);
			runOnlyForDeploymentPostprocessing = 0;
		};
		F1E873BE24AD0D3F00B3A057 /* Sources */ = {
			isa = PBXSourcesBuildPhase;
			buildActionMask = 2147483647;
			files = (
				F1E873C924AD0D3F00B3A057 /* ContentView.swift in Sources */,
				F1B1620024AE34DD00C0A481 /* SpirographView.swift in Sources */,
				F1B161F424AE236E00C0A481 /* DrawingGroupView.swift in Sources */,
				F14EAC2D24AD0F6A003CDCFE /* FlowerView.swift in Sources */,
				F1B161FD24AE330000C0A481 /* AnimatablePairView.swift in Sources */,
				F1B161F724AE258900C0A481 /* SpecialEffectsView.swift in Sources */,
				F14EAC3324AD109B003CDCFE /* ImagePaintView.swift in Sources */,
				F14EAC3024AD0FA8003CDCFE /* ShapeView.swift in Sources */,
				F1E873C724AD0D3F00B3A057 /* DrawingApp.swift in Sources */,
				F1B161FA24AE2A5300C0A481 /* AnimatableData.swift in Sources */,
			);
			runOnlyForDeploymentPostprocessing = 0;
		};
/* End PBXSourcesBuildPhase section */

/* Begin XCBuildConfiguration section */
		F1E873CC24AD0D3F00B3A057 /* Debug */ = {
			isa = XCBuildConfiguration;
			buildSettings = {
				ALWAYS_SEARCH_USER_PATHS = NO;
				CLANG_ANALYZER_NONNULL = YES;
				CLANG_ANALYZER_NUMBER_OBJECT_CONVERSION = YES_AGGRESSIVE;
				CLANG_CXX_LANGUAGE_STANDARD = "gnu++14";
				CLANG_CXX_LIBRARY = "libc++";
				CLANG_ENABLE_MODULES = YES;
				CLANG_ENABLE_OBJC_ARC = YES;
				CLANG_ENABLE_OBJC_WEAK = YES;
				CLANG_WARN_BLOCK_CAPTURE_AUTORELEASING = YES;
				CLANG_WARN_BOOL_CONVERSION = YES;
				CLANG_WARN_COMMA = YES;
				CLANG_WARN_CONSTANT_CONVERSION = YES;
				CLANG_WARN_DEPRECATED_OBJC_IMPLEMENTATIONS = YES;
				CLANG_WARN_DIRECT_OBJC_ISA_USAGE = YES_ERROR;
				CLANG_WARN_DOCUMENTATION_COMMENTS = YES;
				CLANG_WARN_EMPTY_BODY = YES;
				CLANG_WARN_ENUM_CONVERSION = YES;
				CLANG_WARN_INFINITE_RECURSION = YES;
				CLANG_WARN_INT_CONVERSION = YES;
				CLANG_WARN_NON_LITERAL_NULL_CONVERSION = YES;
				CLANG_WARN_OBJC_IMPLICIT_RETAIN_SELF = YES;
				CLANG_WARN_OBJC_LITERAL_CONVERSION = YES;
				CLANG_WARN_OBJC_ROOT_CLASS = YES_ERROR;
				CLANG_WARN_QUOTED_INCLUDE_IN_FRAMEWORK_HEADER = YES;
				CLANG_WARN_RANGE_LOOP_ANALYSIS = YES;
				CLANG_WARN_STRICT_PROTOTYPES = YES;
				CLANG_WARN_SUSPICIOUS_MOVE = YES;
				CLANG_WARN_UNGUARDED_AVAILABILITY = YES_AGGRESSIVE;
				CLANG_WARN_UNREACHABLE_CODE = YES;
				CLANG_WARN__DUPLICATE_METHOD_MATCH = YES;
				COPY_PHASE_STRIP = NO;
				DEBUG_INFORMATION_FORMAT = dwarf;
				ENABLE_STRICT_OBJC_MSGSEND = YES;
				ENABLE_TESTABILITY = YES;
				GCC_C_LANGUAGE_STANDARD = gnu11;
				GCC_DYNAMIC_NO_PIC = NO;
				GCC_NO_COMMON_BLOCKS = YES;
				GCC_OPTIMIZATION_LEVEL = 0;
				GCC_PREPROCESSOR_DEFINITIONS = (
					"DEBUG=1",
					"$(inherited)",
				);
				GCC_WARN_64_TO_32_BIT_CONVERSION = YES;
				GCC_WARN_ABOUT_RETURN_TYPE = YES_ERROR;
				GCC_WARN_UNDECLARED_SELECTOR = YES;
				GCC_WARN_UNINITIALIZED_AUTOS = YES_AGGRESSIVE;
				GCC_WARN_UNUSED_FUNCTION = YES;
				GCC_WARN_UNUSED_VARIABLE = YES;
				MTL_ENABLE_DEBUG_INFO = INCLUDE_SOURCE;
				MTL_FAST_MATH = YES;
				ONLY_ACTIVE_ARCH = YES;
				SWIFT_ACTIVE_COMPILATION_CONDITIONS = DEBUG;
				SWIFT_OPTIMIZATION_LEVEL = "-Onone";
			};
			name = Debug;
		};
		F1E873CD24AD0D3F00B3A057 /* Release */ = {
			isa = XCBuildConfiguration;
			buildSettings = {
				ALWAYS_SEARCH_USER_PATHS = NO;
				CLANG_ANALYZER_NONNULL = YES;
				CLANG_ANALYZER_NUMBER_OBJECT_CONVERSION = YES_AGGRESSIVE;
				CLANG_CXX_LANGUAGE_STANDARD = "gnu++14";
				CLANG_CXX_LIBRARY = "libc++";
				CLANG_ENABLE_MODULES = YES;
				CLANG_ENABLE_OBJC_ARC = YES;
				CLANG_ENABLE_OBJC_WEAK = YES;
				CLANG_WARN_BLOCK_CAPTURE_AUTORELEASING = YES;
				CLANG_WARN_BOOL_CONVERSION = YES;
				CLANG_WARN_COMMA = YES;
				CLANG_WARN_CONSTANT_CONVERSION = YES;
				CLANG_WARN_DEPRECATED_OBJC_IMPLEMENTATIONS = YES;
				CLANG_WARN_DIRECT_OBJC_ISA_USAGE = YES_ERROR;
				CLANG_WARN_DOCUMENTATION_COMMENTS = YES;
				CLANG_WARN_EMPTY_BODY = YES;
				CLANG_WARN_ENUM_CONVERSION = YES;
				CLANG_WARN_INFINITE_RECURSION = YES;
				CLANG_WARN_INT_CONVERSION = YES;
				CLANG_WARN_NON_LITERAL_NULL_CONVERSION = YES;
				CLANG_WARN_OBJC_IMPLICIT_RETAIN_SELF = YES;
				CLANG_WARN_OBJC_LITERAL_CONVERSION = YES;
				CLANG_WARN_OBJC_ROOT_CLASS = YES_ERROR;
				CLANG_WARN_QUOTED_INCLUDE_IN_FRAMEWORK_HEADER = YES;
				CLANG_WARN_RANGE_LOOP_ANALYSIS = YES;
				CLANG_WARN_STRICT_PROTOTYPES = YES;
				CLANG_WARN_SUSPICIOUS_MOVE = YES;
				CLANG_WARN_UNGUARDED_AVAILABILITY = YES_AGGRESSIVE;
				CLANG_WARN_UNREACHABLE_CODE = YES;
				CLANG_WARN__DUPLICATE_METHOD_MATCH = YES;
				COPY_PHASE_STRIP = NO;
				DEBUG_INFORMATION_FORMAT = "dwarf-with-dsym";
				ENABLE_NS_ASSERTIONS = NO;
				ENABLE_STRICT_OBJC_MSGSEND = YES;
				GCC_C_LANGUAGE_STANDARD = gnu11;
				GCC_NO_COMMON_BLOCKS = YES;
				GCC_WARN_64_TO_32_BIT_CONVERSION = YES;
				GCC_WARN_ABOUT_RETURN_TYPE = YES_ERROR;
				GCC_WARN_UNDECLARED_SELECTOR = YES;
				GCC_WARN_UNINITIALIZED_AUTOS = YES_AGGRESSIVE;
				GCC_WARN_UNUSED_FUNCTION = YES;
				GCC_WARN_UNUSED_VARIABLE = YES;
				MTL_ENABLE_DEBUG_INFO = NO;
				MTL_FAST_MATH = YES;
				SWIFT_COMPILATION_MODE = wholemodule;
				SWIFT_OPTIMIZATION_LEVEL = "-O";
			};
			name = Release;
		};
		F1E873CF24AD0D3F00B3A057 /* Debug */ = {
			isa = XCBuildConfiguration;
			buildSettings = {
				ASSETCATALOG_COMPILER_APPICON_NAME = AppIcon;
				ASSETCATALOG_COMPILER_GLOBAL_ACCENT_COLOR_NAME = AccentColor;
				CODE_SIGN_STYLE = Automatic;
				ENABLE_PREVIEWS = YES;
				INFOPLIST_FILE = iOS/Info.plist;
				IPHONEOS_DEPLOYMENT_TARGET = 14.0;
				LD_RUNPATH_SEARCH_PATHS = (
					"$(inherited)",
					"@executable_path/Frameworks",
				);
				PRODUCT_BUNDLE_IDENTIFIER = com.iamjdpatel.swiftui.Drawing;
				PRODUCT_NAME = Drawing;
				SDKROOT = iphoneos;
				SWIFT_VERSION = 5.0;
				TARGETED_DEVICE_FAMILY = "1,2";
			};
			name = Debug;
		};
		F1E873D024AD0D3F00B3A057 /* Release */ = {
			isa = XCBuildConfiguration;
			buildSettings = {
				ASSETCATALOG_COMPILER_APPICON_NAME = AppIcon;
				ASSETCATALOG_COMPILER_GLOBAL_ACCENT_COLOR_NAME = AccentColor;
				CODE_SIGN_STYLE = Automatic;
				ENABLE_PREVIEWS = YES;
				INFOPLIST_FILE = iOS/Info.plist;
				IPHONEOS_DEPLOYMENT_TARGET = 14.0;
				LD_RUNPATH_SEARCH_PATHS = (
					"$(inherited)",
					"@executable_path/Frameworks",
				);
				PRODUCT_BUNDLE_IDENTIFIER = com.iamjdpatel.swiftui.Drawing;
				PRODUCT_NAME = Drawing;
				SDKROOT = iphoneos;
				SWIFT_VERSION = 5.0;
				TARGETED_DEVICE_FAMILY = "1,2";
				VALIDATE_PRODUCT = YES;
			};
			name = Release;
		};
		F1E873D224AD0D3F00B3A057 /* Debug */ = {
			isa = XCBuildConfiguration;
			buildSettings = {
				ASSETCATALOG_COMPILER_APPICON_NAME = AppIcon;
				ASSETCATALOG_COMPILER_GLOBAL_ACCENT_COLOR_NAME = AccentColor;
				CODE_SIGN_ENTITLEMENTS = macOS/macOS.entitlements;
				CODE_SIGN_STYLE = Automatic;
				COMBINE_HIDPI_IMAGES = YES;
				ENABLE_PREVIEWS = YES;
				INFOPLIST_FILE = macOS/Info.plist;
				LD_RUNPATH_SEARCH_PATHS = (
					"$(inherited)",
					"@executable_path/../Frameworks",
				);
				MACOSX_DEPLOYMENT_TARGET = 10.16;
				PRODUCT_BUNDLE_IDENTIFIER = com.iamjdpatel.swiftui.Drawing;
				PRODUCT_NAME = Drawing;
				SDKROOT = macosx;
				SWIFT_VERSION = 5.0;
			};
			name = Debug;
		};
		F1E873D324AD0D3F00B3A057 /* Release */ = {
			isa = XCBuildConfiguration;
			buildSettings = {
				ASSETCATALOG_COMPILER_APPICON_NAME = AppIcon;
				ASSETCATALOG_COMPILER_GLOBAL_ACCENT_COLOR_NAME = AccentColor;
				CODE_SIGN_ENTITLEMENTS = macOS/macOS.entitlements;
				CODE_SIGN_STYLE = Automatic;
				COMBINE_HIDPI_IMAGES = YES;
				ENABLE_PREVIEWS = YES;
				INFOPLIST_FILE = macOS/Info.plist;
				LD_RUNPATH_SEARCH_PATHS = (
					"$(inherited)",
					"@executable_path/../Frameworks",
				);
				MACOSX_DEPLOYMENT_TARGET = 10.16;
				PRODUCT_BUNDLE_IDENTIFIER = com.iamjdpatel.swiftui.Drawing;
				PRODUCT_NAME = Drawing;
				SDKROOT = macosx;
				SWIFT_VERSION = 5.0;
			};
			name = Release;
		};
/* End XCBuildConfiguration section */

/* Begin XCConfigurationList section */
		F1E873B124AD0D3E00B3A057 /* Build configuration list for PBXProject "Drawing" */ = {
			isa = XCConfigurationList;
			buildConfigurations = (
				F1E873CC24AD0D3F00B3A057 /* Debug */,
				F1E873CD24AD0D3F00B3A057 /* Release */,
			);
			defaultConfigurationIsVisible = 0;
			defaultConfigurationName = Release;
		};
		F1E873CE24AD0D3F00B3A057 /* Build configuration list for PBXNativeTarget "iOS" */ = {
			isa = XCConfigurationList;
			buildConfigurations = (
				F1E873CF24AD0D3F00B3A057 /* Debug */,
				F1E873D024AD0D3F00B3A057 /* Release */,
			);
			defaultConfigurationIsVisible = 0;
			defaultConfigurationName = Release;
		};
		F1E873D124AD0D3F00B3A057 /* Build configuration list for PBXNativeTarget "macOS" */ = {
			isa = XCConfigurationList;
			buildConfigurations = (
				F1E873D224AD0D3F00B3A057 /* Debug */,
				F1E873D324AD0D3F00B3A057 /* Release */,
			);
			defaultConfigurationIsVisible = 0;
			defaultConfigurationName = Release;
		};
/* End XCConfigurationList section */
	};
	rootObject = F1E873AE24AD0D3E00B3A057 /* Project object */;
}
